
Microsoft Visual Studio Solution File, Format Version 12.00
# Visual Studio Version 17
VisualStudioVersion = 17.4.33403.182
MinimumVisualStudioVersion = 10.0.40219.1
Project("{FAE04EC0-301F-11D3-BF4B-00C04F79EFBC}") = "MvcStok", "MvcStok\MvcStok.csproj", "{2D78B19F-CEDF-4319-9588-30FBB688C87D}"
EndProject
Global
	GlobalSection(SolutionConfigurationPlatforms) = preSolution
		Debug|Any CPU = Debug|Any CPU
		Release|Any CPU = Release|Any CPU
	EndGlobalSection
	GlobalSection(ProjectConfigurationPlatforms) = postSolution
		{2D78B19F-CEDF-4319-9588-30FBB688C87D}.Debug|Any CPU.ActiveCfg = Debug|Any CPU
		{2D78B19F-CEDF-4319-9588-30FBB688C87D}.Debug|Any CPU.Build.0 = Debug|Any CPU
		{2D78B19F-CEDF-4319-9588-30FBB688C87D}.Release|Any CPU.ActiveCfg = Release|Any CPU
		{2D78B19F-CEDF-4319-9588-30FBB688C87D}.Release|Any CPU.Build.0 = Release|Any CPU
	EndGlobalSection
	GlobalSection(SolutionProperties) = preSolution
		HideSolutionNode = FALSE
	EndGlobalSection
	GlobalSection(ExtensibilityGlobals) = postSolution
		SolutionGuid = {5345DD76-9BB5-4E7B-A7D8-80CDA2AD894C}
	EndGlobalSection
EndGlobal
